
Microsoft Visual Studio Solution File, Format Version 12.00
# Visual Studio Version 16
VisualStudioVersion = 16.0.31112.23
MinimumVisualStudioVersion = 10.0.40219.1
Project("{FAE04EC0-301F-11D3-BF4B-00C04F79EFBC}") = "WpfApp31", "WpfApp31\WpfApp31.csproj", "{D5006CAF-E9DB-4DB6-B300-55F15F8952D8}"
EndProject
Global
	GlobalSection(SolutionConfigurationPlatforms) = preSolution
		Debug|Any CPU = Debug|Any CPU
		Release|Any CPU = Release|Any CPU
	EndGlobalSection
	GlobalSection(ProjectConfigurationPlatforms) = postSolution
		{D5006CAF-E9DB-4DB6-B300-55F15F8952D8}.Debug|Any CPU.ActiveCfg = Debug|Any CPU
		{D5006CAF-E9DB-4DB6-B300-55F15F8952D8}.Debug|Any CPU.Build.0 = Debug|Any CPU
		{D5006CAF-E9DB-4DB6-B300-55F15F8952D8}.Release|Any CPU.ActiveCfg = Release|Any CPU
		{D5006CAF-E9DB-4DB6-B300-55F15F8952D8}.Release|Any CPU.Build.0 = Release|Any CPU
	EndGlobalSection
	GlobalSection(SolutionProperties) = preSolution
		HideSolutionNode = FALSE
	EndGlobalSection
	GlobalSection(ExtensibilityGlobals) = postSolution
		SolutionGuid = {D2B2C8D2-7A0C-4354-AE2E-8CA8649FA052}
	EndGlobalSection
EndGlobal
